{
    "_readme": [
        "This file locks the dependencies of your project to a known state",
        "Read more about it at https://getcomposer.org/doc/01-basic-usage.md#installing-dependencies",
        "This file is @generated automatically"
    ],
    "content-hash": "02d9f5345e363d3cbbbea8d8b815bc21",
    "packages": [
        {
            "name": "predis/predis",
            "version": "v2.4.0",
            "source": {
                "type": "git",
                "url": "https://github.com/predis/predis.git",
                "reference": "f49e13ee3a2a825631562aa0223ac922ec5d058b"
            },
            "dist": {
                "type": "zip",
                "url": "https://api.github.com/repos/predis/predis/zipball/f49e13ee3a2a825631562aa0223ac922ec5d058b",
                "reference": "f49e13ee3a2a825631562aa0223ac922ec5d058b",
                "shasum": ""
            },
            "require": {
                "php": "^7.2 || ^8.0"
            },
            "require-dev": {
                "friendsofphp/php-cs-fixer": "^3.3",
                "phpstan/phpstan": "^1.9",
                "phpunit/phpcov": "^6.0 || ^8.0",
                "phpunit/phpunit": "^8.0 || ^9.4"
            },
            "suggest": {
                "ext-relay": "Faster connection with in-memory caching (>=0.6.2)"
            },
            "type": "library",
            "autoload": {
                "psr-4": {
                    "Predis\\": "src/"
                }
            },
            "notification-url": "https://packagist.org/downloads/",
            "license": [
                "MIT"
            ],
            "authors": [
                {
                    "name": "Till Krüss",
                    "homepage": "https://till.im",
                    "role": "Maintainer"
                }
            ],
            "description": "A flexible and feature-complete Redis/Valkey client for PHP.",
            "homepage": "http://github.com/predis/predis",
            "keywords": [
                "nosql",
                "predis",
                "redis"
            ],
            "support": {
                "issues": "https://github.com/predis/predis/issues",
                "source": "https://github.com/predis/predis/tree/v2.4.0"
            },
            "funding": [
                {
                    "url": "https://github.com/sponsors/tillkruss",
                    "type": "github"
                }
            ],
            "time": "2025-04-30T15:16:02+00:00"
        },
        {
            "name": "swoole/ide-helper",
            "version": "6.0.2",
            "source": {
                "type": "git",
                "url": "https://github.com/swoole/ide-helper.git",
                "reference": "6f12243dce071714c5febe059578d909698f9a52"
            },
            "dist": {
                "type": "zip",
                "url": "https://api.github.com/repos/swoole/ide-helper/zipball/6f12243dce071714c5febe059578d909698f9a52",
                "reference": "6f12243dce071714c5febe059578d909698f9a52",
                "shasum": ""
            },
            "type": "library",
            "notification-url": "https://packagist.org/downloads/",
            "license": [
                "Apache-2.0"
            ],
            "authors": [
                {
                    "name": "Team Swoole",
                    "email": "team@swoole.com"
                }
            ],
            "description": "IDE help files for Swoole.",
            "support": {
                "issues": "https://github.com/swoole/ide-helper/issues",
                "source": "https://github.com/swoole/ide-helper/tree/6.0.2"
            },
            "time": "2025-03-23T07:31:41+00:00"
        },
        {
            "name": "swoole/swoole",
            "version": "v6.0.2",
            "source": {
                "type": "git",
                "url": "https://github.com/swoole/swoole-src.git",
                "reference": "d5cd7935442a62cd6856ab58029889b8d15efbd3"
            },
            "dist": {
                "type": "zip",
                "url": "https://api.github.com/repos/swoole/swoole-src/zipball/d5cd7935442a62cd6856ab58029889b8d15efbd3",
                "reference": "d5cd7935442a62cd6856ab58029889b8d15efbd3",
                "shasum": ""
            },
            "require": {
                "php": ">= 8.1"
            },
            "type": "php-ext",
            "notification-url": "https://packagist.org/downloads/",
            "license": [
                "Apache-2.0"
            ],
            "description": "Swoole is an event-driven, asynchronous, coroutine-based concurrency library with high performance for PHP.",
            "support": {
                "issues": "https://github.com/swoole/swoole-src/issues",
                "source": "https://github.com/swoole/swoole-src/tree/v6.0.2"
            },
            "time": "2025-03-22T05:27:08+00:00"
        }
    ],
    "packages-dev": [],
    "aliases": [],
    "minimum-stability": "stable",
    "stability-flags": [],
    "prefer-stable": false,
    "prefer-lowest": false,
    "platform": [],
    "platform-dev": [],
    "plugin-api-version": "2.2.0"
}
